github.com/TomasMen/go-pgm v0.0.0-20240312001023-daa172707eed h1:/GMvun9P9lCKyDjZe9unr2WXmaQ0lSuRj+EpnrUzV+c=
github.com/TomasMen/go-pgm v0.0.0-20240312001023-daa172707eed/go.mod h1:kng1P0jcdhQK8ZlPwReEvm0rMfT/MM6pKVG836vgBB0=
github.com/TomasMen/go-pgm v0.0.0-20240313161440-17491b9eb235 h1:GMDdEQt90Wwdb90MHPLIHPosrcCA58pKGbg25oVwpKI=
github.com/TomasMen/go-pgm v0.0.0-20240313161440-17491b9eb235/go.mod h1:kng1P0jcdhQK8ZlPwReEvm0rMfT/MM6pKVG836vgBB0=
